// !$*UTF8*$!
{
	archiveVersion = 1;
	classes = {
	};
	objectVersion = 46;
	objects = {

/* Begin PBXBuildFile section */
		76BA30DB1EE3E312002E6505 /* AppDelegate.swift in Sources */ = {isa = PBXBuildFile; fileRef = 76BA30DA1EE3E312002E6505 /* AppDelegate.swift */; };
		76BA30DD1EE3E312002E6505 /* ViewController.swift in Sources */ = {isa = PBXBuildFile; fileRef = 76BA30DC1EE3E312002E6505 /* ViewController.swift */; };
		76BA30E01EE3E312002E6505 /* Main.storyboard in Resources */ = {isa = PBXBuildFile; fileRef = 76BA30DE1EE3E312002E6505 /* Main.storyboard */; };
		76BA30E21EE3E312002E6505 /* Assets.xcassets in Resources */ = {isa = PBXBuildFile; fileRef = 76BA30E11EE3E312002E6505 /* Assets.xcassets */; };
		76BA30E51EE3E312002E6505 /* LaunchScreen.storyboard in Resources */ = {isa = PBXBuildFile; fileRef = 76BA30E31EE3E312002E6505 /* LaunchScreen.storyboard */; };
		80CF7F183EB7ADF927EF27CF /* Pods_Fill_My_Basket.framework in Frameworks */ = {isa = PBXBuildFile; fileRef = 4FED0D3AD9BED4270CAEA0F5 /* Pods_Fill_My_Basket.framework */; };
/* End PBXBuildFile section */

/* Begin PBXFileReference section */
		31F069B487F230CEAD713358 /* Pods-Fill My Basket.release.xcconfig */ = {isa = PBXFileReference; includeInIndex = 1; lastKnownFileType = text.xcconfig; name = "Pods-Fill My Basket.release.xcconfig"; path = "Pods/Target Support Files/Pods-Fill My Basket/Pods-Fill My Basket.release.xcconfig"; sourceTree = "<group>"; };
		4FED0D3AD9BED4270CAEA0F5 /* Pods_Fill_My_Basket.framework */ = {isa = PBXFileReference; explicitFileType = wrapper.framework; includeInIndex = 0; path = Pods_Fill_My_Basket.framework; sourceTree = BUILT_PRODUCTS_DIR; };
		76BA30D71EE3E312002E6505 /* Fill My Basket.app */ = {isa = PBXFileReference; explicitFileType = wrapper.application; includeInIndex = 0; path = "Fill My Basket.app"; sourceTree = BUILT_PRODUCTS_DIR; };
		76BA30DA1EE3E312002E6505 /* AppDelegate.swift */ = {isa = PBXFileReference; lastKnownFileType = sourcecode.swift; path = AppDelegate.swift; sourceTree = "<group>"; };
		76BA30DC1EE3E312002E6505 /* ViewController.swift */ = {isa = PBXFileReference; lastKnownFileType = sourcecode.swift; path = ViewController.swift; sourceTree = "<group>"; };
		76BA30DF1EE3E312002E6505 /* Base */ = {isa = PBXFileReference; lastKnownFileType = file.storyboard; name = Base; path = Base.lproj/Main.storyboard; sourceTree = "<group>"; };
		76BA30E11EE3E312002E6505 /* Assets.xcassets */ = {isa = PBXFileReference; lastKnownFileType = folder.assetcatalog; path = Assets.xcassets; sourceTree = "<group>"; };
		76BA30E41EE3E312002E6505 /* Base */ = {isa = PBXFileReference; lastKnownFileType = file.storyboard; name = Base; path = Base.lproj/LaunchScreen.storyboard; sourceTree = "<group>"; };
		76BA30E61EE3E312002E6505 /* Info.plist */ = {isa = PBXFileReference; lastKnownFileType = text.plist.xml; path = Info.plist; sourceTree = "<group>"; };
		F5F73B0E2E296723ECBA997D /* Pods-Fill My Basket.debug.xcconfig */ = {isa = PBXFileReference; includeInIndex = 1; lastKnownFileType = text.xcconfig; name = "Pods-Fill My Basket.debug.xcconfig"; path = "Pods/Target Support Files/Pods-Fill My Basket/Pods-Fill My Basket.debug.xcconfig"; sourceTree = "<group>"; };
/* End PBXFileReference section */

/* Begin PBXFrameworksBuildPhase section */
		76BA30D41EE3E312002E6505 /* Frameworks */ = {
			isa = PBXFrameworksBuildPhase;
			buildActionMask = 2147483647;
			files = (
				80CF7F183EB7ADF927EF27CF /* Pods_Fill_My_Basket.framework in Frameworks */,
			);
			runOnlyForDeploymentPostprocessing = 0;
		};
/* End PBXFrameworksBuildPhase section */

/* Begin PBXGroup section */
		3E4E26491DB858A7F02AC25E /* Pods */ = {
			isa = PBXGroup;
			children = (
				F5F73B0E2E296723ECBA997D /* Pods-Fill My Basket.debug.xcconfig */,
				31F069B487F230CEAD713358 /* Pods-Fill My Basket.release.xcconfig */,
			);
			name = Pods;
			sourceTree = "<group>";
		};
		76BA30CE1EE3E311002E6505 = {
			isa = PBXGroup;
			children = (
				76BA30D91EE3E312002E6505 /* Fill My Basket */,
				76BA30D81EE3E312002E6505 /* Products */,
				3E4E26491DB858A7F02AC25E /* Pods */,
				ADF7B782D31B3A28959210F6 /* Frameworks */,
			);
			sourceTree = "<group>";
		};
		76BA30D81EE3E312002E6505 /* Products */ = {
			isa = PBXGroup;
			children = (
				76BA30D71EE3E312002E6505 /* Fill My Basket.app */,
			);
			name = Products;
			sourceTree = "<group>";
		};
		76BA30D91EE3E312002E6505 /* Fill My Basket */ = {
			isa = PBXGroup;
			children = (
				76BA30EC1EE3E32C002E6505 /* Supporting Files */,
				76BA30DC1EE3E312002E6505 /* ViewController.swift */,
				76BA30DE1EE3E312002E6505 /* Main.storyboard */,
			);
			path = "Fill My Basket";
			sourceTree = "<group>";
		};
		76BA30EC1EE3E32C002E6505 /* Supporting Files */ = {
			isa = PBXGroup;
			children = (
				76BA30DA1EE3E312002E6505 /* AppDelegate.swift */,
				76BA30E11EE3E312002E6505 /* Assets.xcassets */,
				76BA30E31EE3E312002E6505 /* LaunchScreen.storyboard */,
				76BA30E61EE3E312002E6505 /* Info.plist */,
			);
			name = "Supporting Files";
			sourceTree = "<group>";
		};
		ADF7B782D31B3A28959210F6 /* Frameworks */ = {
			isa = PBXGroup;
			children = (
				4FED0D3AD9BED4270CAEA0F5 /* Pods_Fill_My_Basket.framework */,
			);
			name = Frameworks;
			sourceTree = "<group>";
		};
/* End PBXGroup section */

/* Begin PBXNativeTarget section */
		76BA30D61EE3E312002E6505 /* Fill My Basket */ = {
			isa = PBXNativeTarget;
			buildConfigurationList = 76BA30E91EE3E312002E6505 /* Build configuration list for PBXNativeTarget "Fill My Basket" */;
			buildPhases = (
				CC3599CBBB68EA108275B391 /* [CP] Check Pods Manifest.lock */,
				76BA30D31EE3E312002E6505 /* Sources */,
				76BA30D41EE3E312002E6505 /* Frameworks */,
				76BA30D51EE3E312002E6505 /* Resources */,
				17EA882A2B0DA58132F29C8C /* [CP] Embed Pods Frameworks */,
				A3F1A6E3A0EEC8F47043C9BB /* [CP] Copy Pods Resources */,
			);
			buildRules = (
			);
			dependencies = (
			);
			name = "Fill My Basket";
			productName = "Fill My Basket";
			productReference = 76BA30D71EE3E312002E6505 /* Fill My Basket.app */;
			productType = "com.apple.product-type.application";
		};
/* End PBXNativeTarget section */

/* Begin PBXProject section */
		76BA30CF1EE3E311002E6505 /* Project object */ = {
			isa = PBXProject;
			attributes = {
				LastSwiftUpdateCheck = 0820;
				LastUpgradeCheck = 0820;
				ORGANIZATIONNAME = "Vasanthkumar V";
				TargetAttributes = {
					76BA30D61EE3E312002E6505 = {
						CreatedOnToolsVersion = 8.2.1;
						DevelopmentTeam = 8338EVL7GS;
						ProvisioningStyle = Automatic;
					};
				};
			};
			buildConfigurationList = 76BA30D21EE3E311002E6505 /* Build configuration list for PBXProject "Fill My Basket" */;
			compatibilityVersion = "Xcode 3.2";
			developmentRegion = English;
			hasScannedForEncodings = 0;
			knownRegions = (
				en,
				Base,
			);
			mainGroup = 76BA30CE1EE3E311002E6505;
			productRefGroup = 76BA30D81EE3E312002E6505 /* Products */;
			projectDirPath = "";
			projectRoot = "";
			targets = (
				76BA30D61EE3E312002E6505 /* Fill My Basket */,
			);
		};
/* End PBXProject section */

/* Begin PBXResourcesBuildPhase section */
		76BA30D51EE3E312002E6505 /* Resources */ = {
			isa = PBXResourcesBuildPhase;
			buildActionMask = 2147483647;
			files = (
				76BA30E51EE3E312002E6505 /* LaunchScreen.storyboard in Resources */,
				76BA30E21EE3E312002E6505 /* Assets.xcassets in Resources */,
				76BA30E01EE3E312002E6505 /* Main.storyboard in Resources */,
			);
			runOnlyForDeploymentPostprocessing = 0;
		};
/* End PBXResourcesBuildPhase section */

/* Begin PBXShellScriptBuildPhase section */
		17EA882A2B0DA58132F29C8C /* [CP] Embed Pods Frameworks */ = {
			isa = PBXShellScriptBuildPhase;
			buildActionMask = 2147483647;
			files = (
			);
			inputPaths = (
			);
			name = "[CP] Embed Pods Frameworks";
			outputPaths = (
			);
			runOnlyForDeploymentPostprocessing = 0;
			shellPath = /bin/sh;
			shellScript = "\"${SRCROOT}/Pods/Target Support Files/Pods-Fill My Basket/Pods-Fill My Basket-frameworks.sh\"\n";
			showEnvVarsInLog = 0;
		};
		A3F1A6E3A0EEC8F47043C9BB /* [CP] Copy Pods Resources */ = {
			isa = PBXShellScriptBuildPhase;
			buildActionMask = 2147483647;
			files = (
			);
			inputPaths = (
			);
			name = "[CP] Copy Pods Resources";
			outputPaths = (
			);
			runOnlyForDeploymentPostprocessing = 0;
			shellPath = /bin/sh;
			shellScript = "\"${SRCROOT}/Pods/Target Support Files/Pods-Fill My Basket/Pods-Fill My Basket-resources.sh\"\n";
			showEnvVarsInLog = 0;
		};
		CC3599CBBB68EA108275B391 /* [CP] Check Pods Manifest.lock */ = {
			isa = PBXShellScriptBuildPhase;
			buildActionMask = 2147483647;
			files = (
			);
			inputPaths = (
			);
			name = "[CP] Check Pods Manifest.lock";
			outputPaths = (
			);
			runOnlyForDeploymentPostprocessing = 0;
			shellPath = /bin/sh;
			shellScript = "diff \"${PODS_ROOT}/../Podfile.lock\" \"${PODS_ROOT}/Manifest.lock\" > /dev/null\nif [[ $? != 0 ]] ; then\n    cat << EOM\nerror: The sandbox is not in sync with the Podfile.lock. Run 'pod install' or update your CocoaPods installation.\nEOM\n    exit 1\nfi\n";
			showEnvVarsInLog = 0;
		};
/* End PBXShellScriptBuildPhase section */

/* Begin PBXSourcesBuildPhase section */
		76BA30D31EE3E312002E6505 /* Sources */ = {
			isa = PBXSourcesBuildPhase;
			buildActionMask = 2147483647;
			files = (
				76BA30DD1EE3E312002E6505 /* ViewController.swift in Sources */,
				76BA30DB1EE3E312002E6505 /* AppDelegate.swift in Sources */,
			);
			runOnlyForDeploymentPostprocessing = 0;
		};
/* End PBXSourcesBuildPhase section */

/* Begin PBXVariantGroup section */
		76BA30DE1EE3E312002E6505 /* Main.storyboard */ = {
			isa = PBXVariantGroup;
			children = (
				76BA30DF1EE3E312002E6505 /* Base */,
			);
			name = Main.storyboard;
			sourceTree = "<group>";
		};
		76BA30E31EE3E312002E6505 /* LaunchScreen.storyboard */ = {
			isa = PBXVariantGroup;
			children = (
				76BA30E41EE3E312002E6505 /* Base */,
			);
			name = LaunchScreen.storyboard;
			sourceTree = "<group>";
		};
/* End PBXVariantGroup section */

/* Begin XCBuildConfiguration section */
		76BA30E71EE3E312002E6505 /* Debug */ = {
			isa = XCBuildConfiguration;
			buildSettings = {
				ALWAYS_SEARCH_USER_PATHS = NO;
				CLANG_ANALYZER_NONNULL = YES;
				CLANG_CXX_LANGUAGE_STANDARD = "gnu++0x";
				CLANG_CXX_LIBRARY = "libc++";
				CLANG_ENABLE_MODULES = YES;
				CLANG_ENABLE_OBJC_ARC = YES;
				CLANG_WARN_BOOL_CONVERSION = YES;
				CLANG_WARN_CONSTANT_CONVERSION = YES;
				CLANG_WARN_DIRECT_OBJC_ISA_USAGE = YES_ERROR;
				CLANG_WARN_DOCUMENTATION_COMMENTS = YES;
				CLANG_WARN_EMPTY_BODY = YES;
				CLANG_WARN_ENUM_CONVERSION = YES;
				CLANG_WARN_INFINITE_RECURSION = YES;
				CLANG_WARN_INT_CONVERSION = YES;
				CLANG_WARN_OBJC_ROOT_CLASS = YES_ERROR;
				CLANG_WARN_SUSPICIOUS_MOVE = YES;
				CLANG_WARN_UNREACHABLE_CODE = YES;
				CLANG_WARN__DUPLICATE_METHOD_MATCH = YES;
				"CODE_SIGN_IDENTITY[sdk=iphoneos*]" = "iPhone Developer";
				COPY_PHASE_STRIP = NO;
				DEBUG_INFORMATION_FORMAT = dwarf;
				ENABLE_STRICT_OBJC_MSGSEND = YES;
				ENABLE_TESTABILITY = YES;
				GCC_C_LANGUAGE_STANDARD = gnu99;
				GCC_DYNAMIC_NO_PIC = NO;
				GCC_NO_COMMON_BLOCKS = YES;
				GCC_OPTIMIZATION_LEVEL = 0;
				GCC_PREPROCESSOR_DEFINITIONS = (
					"DEBUG=1",
					"$(inherited)",
				);
				GCC_WARN_64_TO_32_BIT_CONVERSION = YES;
				GCC_WARN_ABOUT_RETURN_TYPE = YES_ERROR;
				GCC_WARN_UNDECLARED_SELECTOR = YES;
				GCC_WARN_UNINITIALIZED_AUTOS = YES_AGGRESSIVE;
				GCC_WARN_UNUSED_FUNCTION = YES;
				GCC_WARN_UNUSED_VARIABLE = YES;
				IPHONEOS_DEPLOYMENT_TARGET = 10.2;
				MTL_ENABLE_DEBUG_INFO = YES;
				ONLY_ACTIVE_ARCH = YES;
				SDKROOT = iphoneos;
				SWIFT_ACTIVE_COMPILATION_CONDITIONS = DEBUG;
				SWIFT_OPTIMIZATION_LEVEL = "-Onone";
				TARGETED_DEVICE_FAMILY = "1,2";
			};
			name = Debug;
		};
		76BA30E81EE3E312002E6505 /* Release */ = {
			isa = XCBuildConfiguration;
			buildSettings = {
				ALWAYS_SEARCH_USER_PATHS = NO;
				CLANG_ANALYZER_NONNULL = YES;
				CLANG_CXX_LANGUAGE_STANDARD = "gnu++0x";
				CLANG_CXX_LIBRARY = "libc++";
				CLANG_ENABLE_MODULES = YES;
				CLANG_ENABLE_OBJC_ARC = YES;
				CLANG_WARN_BOOL_CONVERSION = YES;
				CLANG_WARN_CONSTANT_CONVERSION = YES;
				CLANG_WARN_DIRECT_OBJC_ISA_USAGE = YES_ERROR;
				CLANG_WARN_DOCUMENTATION_COMMENTS = YES;
				CLANG_WARN_EMPTY_BODY = YES;
				CLANG_WARN_ENUM_CONVERSION = YES;
				CLANG_WARN_INFINITE_RECURSION = YES;
				CLANG_WARN_INT_CONVERSION = YES;
				CLANG_WARN_OBJC_ROOT_CLASS = YES_ERROR;
				CLANG_WARN_SUSPICIOUS_MOVE = YES;
				CLANG_WARN_UNREACHABLE_CODE = YES;
				CLANG_WARN__DUPLICATE_METHOD_MATCH = YES;
				"CODE_SIGN_IDENTITY[sdk=iphoneos*]" = "iPhone Developer";
				COPY_PHASE_STRIP = NO;
				DEBUG_INFORMATION_FORMAT = "dwarf-with-dsym";
				ENABLE_NS_ASSERTIONS = NO;
				ENABLE_STRICT_OBJC_MSGSEND = YES;
				GCC_C_LANGUAGE_STANDARD = gnu99;
				GCC_NO_COMMON_BLOCKS = YES;
				GCC_WARN_64_TO_32_BIT_CONVERSION = YES;
				GCC_WARN_ABOUT_RETURN_TYPE = YES_ERROR;
				GCC_WARN_UNDECLARED_SELECTOR = YES;
				GCC_WARN_UNINITIALIZED_AUTOS = YES_AGGRESSIVE;
				GCC_WARN_UNUSED_FUNCTION = YES;
				GCC_WARN_UNUSED_VARIABLE = YES;
				IPHONEOS_DEPLOYMENT_TARGET = 10.2;
				MTL_ENABLE_DEBUG_INFO = NO;
				SDKROOT = iphoneos;
				SWIFT_OPTIMIZATION_LEVEL = "-Owholemodule";
				TARGETED_DEVICE_FAMILY = "1,2";
				VALIDATE_PRODUCT = YES;
			};
			name = Release;
		};
		76BA30EA1EE3E312002E6505 /* Debug */ = {
			isa = XCBuildConfiguration;
			baseConfigurationReference = F5F73B0E2E296723ECBA997D /* Pods-Fill My Basket.debug.xcconfig */;
			buildSettings = {
				ASSETCATALOG_COMPILER_APPICON_NAME = AppIcon;
				DEVELOPMENT_TEAM = 8338EVL7GS;
				INFOPLIST_FILE = "Fill My Basket/Info.plist";
				LD_RUNPATH_SEARCH_PATHS = "$(inherited) @executable_path/Frameworks";
				PRODUCT_BUNDLE_IDENTIFIER = "com.vvapps.Fill-My-Basket";
				PRODUCT_NAME = "$(TARGET_NAME)";
				SWIFT_VERSION = 3.0;
			};
			name = Debug;
		};
		76BA30EB1EE3E312002E6505 /* Release */ = {
			isa = XCBuildConfiguration;
			baseConfigurationReference = 31F069B487F230CEAD713358 /* Pods-Fill My Basket.release.xcconfig */;
			buildSettings = {
				ASSETCATALOG_COMPILER_APPICON_NAME = AppIcon;
				DEVELOPMENT_TEAM = 8338EVL7GS;
				INFOPLIST_FILE = "Fill My Basket/Info.plist";
				LD_RUNPATH_SEARCH_PATHS = "$(inherited) @executable_path/Frameworks";
				PRODUCT_BUNDLE_IDENTIFIER = "com.vvapps.Fill-My-Basket";
				PRODUCT_NAME = "$(TARGET_NAME)";
				SWIFT_VERSION = 3.0;
			};
			name = Release;
		};
/* End XCBuildConfiguration section */

/* Begin XCConfigurationList section */
		76BA30D21EE3E311002E6505 /* Build configuration list for PBXProject "Fill My Basket" */ = {
			isa = XCConfigurationList;
			buildConfigurations = (
				76BA30E71EE3E312002E6505 /* Debug */,
				76BA30E81EE3E312002E6505 /* Release */,
			);
			defaultConfigurationIsVisible = 0;
			defaultConfigurationName = Release;
		};
		76BA30E91EE3E312002E6505 /* Build configuration list for PBXNativeTarget "Fill My Basket" */ = {
			isa = XCConfigurationList;
			buildConfigurations = (
				76BA30EA1EE3E312002E6505 /* Debug */,
				76BA30EB1EE3E312002E6505 /* Release */,
			);
			defaultConfigurationIsVisible = 0;
		};
/* End XCConfigurationList section */
	};
	rootObject = 76BA30CF1EE3E311002E6505 /* Project object */;
}
